
Microsoft Visual Studio Solution File, Format Version 12.00
# Visual Studio 2013
VisualStudioVersion = 12.0.30501.0
MinimumVisualStudioVersion = 10.0.40219.1
Project("{FAE04EC0-301F-11D3-BF4B-00C04F79EFBC}") = "AspNetDating9", "AspNetDating9.csproj", "{3A01B46C-9587-4564-AA75-24B22F246353}"
EndProject
Global
	GlobalSection(SolutionConfigurationPlatforms) = preSolution
		AspNetDating8AjaxChatDebug|Any CPU = AspNetDating8AjaxChatDebug|Any CPU
		AspNetDating8AjaxChatRelease|Any CPU = AspNetDating8AjaxChatRelease|Any CPU
		Debug|Any CPU = Debug|Any CPU
		Release|Any CPU = Release|Any CPU
	EndGlobalSection
	GlobalSection(ProjectConfigurationPlatforms) = postSolution
		{3A01B46C-9587-4564-AA75-24B22F246353}.AspNetDating8AjaxChatDebug|Any CPU.ActiveCfg = AspNetDating8AjaxChatDebug|Any CPU
		{3A01B46C-9587-4564-AA75-24B22F246353}.AspNetDating8AjaxChatDebug|Any CPU.Build.0 = AspNetDating8AjaxChatDebug|Any CPU
		{3A01B46C-9587-4564-AA75-24B22F246353}.AspNetDating8AjaxChatRelease|Any CPU.ActiveCfg = AspNetDating8AjaxChatRelease|Any CPU
		{3A01B46C-9587-4564-AA75-24B22F246353}.AspNetDating8AjaxChatRelease|Any CPU.Build.0 = AspNetDating8AjaxChatRelease|Any CPU
		{3A01B46C-9587-4564-AA75-24B22F246353}.Debug|Any CPU.ActiveCfg = Debug|Any CPU
		{3A01B46C-9587-4564-AA75-24B22F246353}.Debug|Any CPU.Build.0 = Debug|Any CPU
		{3A01B46C-9587-4564-AA75-24B22F246353}.Release|Any CPU.ActiveCfg = Release|Any CPU
		{3A01B46C-9587-4564-AA75-24B22F246353}.Release|Any CPU.Build.0 = Release|Any CPU
	EndGlobalSection
	GlobalSection(SolutionProperties) = preSolution
		HideSolutionNode = FALSE
	EndGlobalSection
	GlobalSection(TestCaseManagementSettings) = postSolution
		CategoryFile = AspNetDating61.vsmdi
	EndGlobalSection
EndGlobal
